
Microsoft Visual Studio Solution File, Format Version 12.00
# Visual Studio Version 16
VisualStudioVersion = 16.0.30114.105
MinimumVisualStudioVersion = 10.0.40219.1
Project("{8BC9CEB8-8B4A-11D0-8D11-00A0C91BC942}") = "GrafkomG-SA2020-Tugas1", "GrafkomG-SA2020-Tugas1\GrafkomG-SA2020-Tugas1.vcxproj", "{33554299-FB6D-4C7D-B60C-44429526E025}"
EndProject
Global
	GlobalSection(SolutionConfigurationPlatforms) = preSolution
		Debug|x64 = Debug|x64
		Debug|x86 = Debug|x86
		Release|x64 = Release|x64
		Release|x86 = Release|x86
	EndGlobalSection
	GlobalSection(ProjectConfigurationPlatforms) = postSolution
		{33554299-FB6D-4C7D-B60C-44429526E025}.Debug|x64.ActiveCfg = Debug|x64
		{33554299-FB6D-4C7D-B60C-44429526E025}.Debug|x64.Build.0 = Debug|x64
		{33554299-FB6D-4C7D-B60C-44429526E025}.Debug|x86.ActiveCfg = Debug|Win32
		{33554299-FB6D-4C7D-B60C-44429526E025}.Debug|x86.Build.0 = Debug|Win32
		{33554299-FB6D-4C7D-B60C-44429526E025}.Release|x64.ActiveCfg = Release|x64
		{33554299-FB6D-4C7D-B60C-44429526E025}.Release|x64.Build.0 = Release|x64
		{33554299-FB6D-4C7D-B60C-44429526E025}.Release|x86.ActiveCfg = Release|Win32
		{33554299-FB6D-4C7D-B60C-44429526E025}.Release|x86.Build.0 = Release|Win32
	EndGlobalSection
	GlobalSection(SolutionProperties) = preSolution
		HideSolutionNode = FALSE
	EndGlobalSection
	GlobalSection(ExtensibilityGlobals) = postSolution
		SolutionGuid = {64BA7B4E-F374-477D-A541-CB1537BC9D25}
	EndGlobalSection
EndGlobal
